
Microsoft Visual Studio Solution File, Format Version 12.00
# Visual Studio 15
Project("{FAE04EC0-301F-11D3-BF4B-00C04F79EFBC}") = "u4tojs", "u4tojs\u4tojs.csproj", "{F7B25F3D-7FDC-48D2-A838-E7CB951093F6}"
EndProject
Project("{FAE04EC0-301F-11D3-BF4B-00C04F79EFBC}") = "vismap", "vismap\vismap.csproj", "{BAD06C65-4CA7-4ED0-9E33-F2EC3B0EA5D6}"
EndProject
Global
	GlobalSection(SolutionConfigurationPlatforms) = preSolution
		Debug|Any CPU = Debug|Any CPU
		Release|Any CPU = Release|Any CPU
	EndGlobalSection
	GlobalSection(ProjectConfigurationPlatforms) = postSolution
		{F7B25F3D-7FDC-48D2-A838-E7CB951093F6}.Debug|Any CPU.ActiveCfg = Debug|Any CPU
		{F7B25F3D-7FDC-48D2-A838-E7CB951093F6}.Debug|Any CPU.Build.0 = Debug|Any CPU
		{F7B25F3D-7FDC-48D2-A838-E7CB951093F6}.Release|Any CPU.ActiveCfg = Release|Any CPU
		{F7B25F3D-7FDC-48D2-A838-E7CB951093F6}.Release|Any CPU.Build.0 = Release|Any CPU
		{BAD06C65-4CA7-4ED0-9E33-F2EC3B0EA5D6}.Debug|Any CPU.ActiveCfg = Debug|Any CPU
		{BAD06C65-4CA7-4ED0-9E33-F2EC3B0EA5D6}.Debug|Any CPU.Build.0 = Debug|Any CPU
		{BAD06C65-4CA7-4ED0-9E33-F2EC3B0EA5D6}.Release|Any CPU.ActiveCfg = Release|Any CPU
		{BAD06C65-4CA7-4ED0-9E33-F2EC3B0EA5D6}.Release|Any CPU.Build.0 = Release|Any CPU
	EndGlobalSection
EndGlobal
